
Microsoft Visual Studio Solution File, Format Version 12.00
# Visual Studio Version 16
VisualStudioVersion = 16.0.31313.79
MinimumVisualStudioVersion = 10.0.40219.1
Project("{9A19103F-16F7-4668-BE54-9A1E7A4F7556}") = "DataStructures", "DataStructures.csproj", "{29F5CF86-A728-403E-9AC8-BA2371686A7C}"
EndProject
Project("{9A19103F-16F7-4668-BE54-9A1E7A4F7556}") = "Examples_Interface", "..\..\Example\Examples_Interface\Examples_Interface.csproj", "{99583EC2-385E-41CF-AF0C-FC417F752F21}"
EndProject
Global
	GlobalSection(SolutionConfigurationPlatforms) = preSolution
		Debug|Any CPU = Debug|Any CPU
		Release|Any CPU = Release|Any CPU
	EndGlobalSection
	GlobalSection(ProjectConfigurationPlatforms) = postSolution
		{29F5CF86-A728-403E-9AC8-BA2371686A7C}.Debug|Any CPU.ActiveCfg = Debug|Any CPU
		{29F5CF86-A728-403E-9AC8-BA2371686A7C}.Debug|Any CPU.Build.0 = Debug|Any CPU
		{29F5CF86-A728-403E-9AC8-BA2371686A7C}.Release|Any CPU.ActiveCfg = Release|Any CPU
		{29F5CF86-A728-403E-9AC8-BA2371686A7C}.Release|Any CPU.Build.0 = Release|Any CPU
		{99583EC2-385E-41CF-AF0C-FC417F752F21}.Debug|Any CPU.ActiveCfg = Debug|Any CPU
		{99583EC2-385E-41CF-AF0C-FC417F752F21}.Debug|Any CPU.Build.0 = Debug|Any CPU
		{99583EC2-385E-41CF-AF0C-FC417F752F21}.Release|Any CPU.ActiveCfg = Release|Any CPU
		{99583EC2-385E-41CF-AF0C-FC417F752F21}.Release|Any CPU.Build.0 = Release|Any CPU
	EndGlobalSection
	GlobalSection(SolutionProperties) = preSolution
		HideSolutionNode = FALSE
	EndGlobalSection
	GlobalSection(ExtensibilityGlobals) = postSolution
		SolutionGuid = {17DCB8ED-54F1-47F2-98B4-CFDC10184DD6}
	EndGlobalSection
EndGlobal
